
Microsoft Visual Studio Solution File, Format Version 11.00
# Visual Studio 2010
Project("{FAE04EC0-301F-11D3-BF4B-00C04F79EFBC}") = "software", "software\software.csproj", "{EB6B08B2-011F-4EE2-9C86-4D003B753061}"
EndProject
Project("{54435603-DBB4-11D2-8724-00A0C9A8B90C}") = "factor  foroosh", "factor  foroosh\factor  foroosh.vdproj", "{CD283EF5-4064-442A-B68C-4359A93E1819}"
EndProject
Global
	GlobalSection(SolutionConfigurationPlatforms) = preSolution
		Debug|Any CPU = Debug|Any CPU
		Release|Any CPU = Release|Any CPU
	EndGlobalSection
	GlobalSection(ProjectConfigurationPlatforms) = postSolution
		{EB6B08B2-011F-4EE2-9C86-4D003B753061}.Debug|Any CPU.ActiveCfg = Debug|Any CPU
		{EB6B08B2-011F-4EE2-9C86-4D003B753061}.Debug|Any CPU.Build.0 = Debug|Any CPU
		{EB6B08B2-011F-4EE2-9C86-4D003B753061}.Release|Any CPU.ActiveCfg = Release|Any CPU
		{EB6B08B2-011F-4EE2-9C86-4D003B753061}.Release|Any CPU.Build.0 = Release|Any CPU
		{CD283EF5-4064-442A-B68C-4359A93E1819}.Debug|Any CPU.ActiveCfg = Debug
		{CD283EF5-4064-442A-B68C-4359A93E1819}.Release|Any CPU.ActiveCfg = Release
	EndGlobalSection
	GlobalSection(SolutionProperties) = preSolution
		HideSolutionNode = FALSE
	EndGlobalSection
EndGlobal
